
Microsoft Visual Studio Solution File, Format Version 12.00
# Visual Studio Version 16
VisualStudioVersion = 16.0.30621.155
MinimumVisualStudioVersion = 10.0.40219.1
Project("{FAE04EC0-301F-11D3-BF4B-00C04F79EFBC}") = "ElevenNote.WebMVC", "ElevenNote.WebMVC\ElevenNote.WebMVC.csproj", "{8305E853-A579-4323-972F-9C6413A1378B}"
EndProject
Global
	GlobalSection(SolutionConfigurationPlatforms) = preSolution
		Debug|Any CPU = Debug|Any CPU
		Release|Any CPU = Release|Any CPU
	EndGlobalSection
	GlobalSection(ProjectConfigurationPlatforms) = postSolution
		{8305E853-A579-4323-972F-9C6413A1378B}.Debug|Any CPU.ActiveCfg = Debug|Any CPU
		{8305E853-A579-4323-972F-9C6413A1378B}.Debug|Any CPU.Build.0 = Debug|Any CPU
		{8305E853-A579-4323-972F-9C6413A1378B}.Release|Any CPU.ActiveCfg = Release|Any CPU
		{8305E853-A579-4323-972F-9C6413A1378B}.Release|Any CPU.Build.0 = Release|Any CPU
	EndGlobalSection
	GlobalSection(SolutionProperties) = preSolution
		HideSolutionNode = FALSE
	EndGlobalSection
	GlobalSection(ExtensibilityGlobals) = postSolution
		SolutionGuid = {E5387249-2CA4-4768-8839-6C488897525C}
	EndGlobalSection
EndGlobal
